
Microsoft Visual Studio Solution File, Format Version 12.00
# Visual Studio Version 16
VisualStudioVersion = 16.0.29911.84
MinimumVisualStudioVersion = 10.0.40219.1
Project("{FAE04EC0-301F-11D3-BF4B-00C04F79EFBC}") = "APBD_cw12", "APBD_cw12\APBD_cw12.csproj", "{8E8A720A-CE6A-4D7C-968E-AB3169E65249}"
EndProject
Global
	GlobalSection(SolutionConfigurationPlatforms) = preSolution
		Debug|Any CPU = Debug|Any CPU
		Release|Any CPU = Release|Any CPU
	EndGlobalSection
	GlobalSection(ProjectConfigurationPlatforms) = postSolution
		{8E8A720A-CE6A-4D7C-968E-AB3169E65249}.Debug|Any CPU.ActiveCfg = Debug|Any CPU
		{8E8A720A-CE6A-4D7C-968E-AB3169E65249}.Debug|Any CPU.Build.0 = Debug|Any CPU
		{8E8A720A-CE6A-4D7C-968E-AB3169E65249}.Release|Any CPU.ActiveCfg = Release|Any CPU
		{8E8A720A-CE6A-4D7C-968E-AB3169E65249}.Release|Any CPU.Build.0 = Release|Any CPU
	EndGlobalSection
	GlobalSection(SolutionProperties) = preSolution
		HideSolutionNode = FALSE
	EndGlobalSection
	GlobalSection(ExtensibilityGlobals) = postSolution
		SolutionGuid = {77ACE020-241E-4511-877B-DAF15993FABD}
	EndGlobalSection
EndGlobal
